{
  "name": "rtpartyalbum",
  "version": "0.1.0",
  "lockfileVersion": 3,
  "requires": true,
  "packages": {
    "": {
      "name": "rtpartyalbum",
      "version": "0.1.0",
      "workspaces": [
        "shared",
        "server",
        "web"
      ],
      "engines": {
        "node": ">=20"
      }
    },
    "node_modules/@rtpa/web": {
      "resolved": "web",
      "link": true
    },
    "web": {
      "name": "@rtpa/web",
      "version": "0.1.0"
    }
  }
}
